
Microsoft Visual Studio Solution File, Format Version 12.00
# Visual Studio Version 16
VisualStudioVersion = 16.0.28729.10
MinimumVisualStudioVersion = 10.0.40219.1
Project("{FAE04EC0-301F-11D3-BF4B-00C04F79EFBC}") = "ScreenReminder", "ScreenAlert\ScreenReminder.csproj", "{6BDE835F-CF35-4C78-A1F4-9CDEEBC9374A}"
EndProject
Project("{FAE04EC0-301F-11D3-BF4B-00C04F79EFBC}") = "AgileTimer.Client", "AgileTimer.Client\AgileTimer.Client.csproj", "{9C9055E8-876E-4D78-B453-7A45CB71D31C}"
EndProject
Project("{FAE04EC0-301F-11D3-BF4B-00C04F79EFBC}") = "AgileTimer.Server", "AgileTimer.Server\AgileTimer.Server.csproj", "{142A3C6C-4C89-4FD3-9522-CB5820FC2AB1}"
EndProject
Project("{2150E333-8FDC-42A3-9474-1A3956D46DE8}") = "esp8266_webclient", "esp8266_webclient\esp8266_webclient", "{3AD436D2-5D81-458C-A6E2-003ABF5159AB}"
	ProjectSection(SolutionItems) = preProject
		esp8266_webclient.ino = esp8266_webclient.ino
	EndProjectSection
EndProject
Global
	GlobalSection(SolutionConfigurationPlatforms) = preSolution
		Debug|Any CPU = Debug|Any CPU
		Release|Any CPU = Release|Any CPU
	EndGlobalSection
	GlobalSection(ProjectConfigurationPlatforms) = postSolution
		{6BDE835F-CF35-4C78-A1F4-9CDEEBC9374A}.Debug|Any CPU.ActiveCfg = Debug|Any CPU
		{6BDE835F-CF35-4C78-A1F4-9CDEEBC9374A}.Debug|Any CPU.Build.0 = Debug|Any CPU
		{6BDE835F-CF35-4C78-A1F4-9CDEEBC9374A}.Release|Any CPU.ActiveCfg = Release|Any CPU
		{6BDE835F-CF35-4C78-A1F4-9CDEEBC9374A}.Release|Any CPU.Build.0 = Release|Any CPU
		{9C9055E8-876E-4D78-B453-7A45CB71D31C}.Debug|Any CPU.ActiveCfg = Debug|Any CPU
		{9C9055E8-876E-4D78-B453-7A45CB71D31C}.Debug|Any CPU.Build.0 = Debug|Any CPU
		{9C9055E8-876E-4D78-B453-7A45CB71D31C}.Release|Any CPU.ActiveCfg = Release|Any CPU
		{9C9055E8-876E-4D78-B453-7A45CB71D31C}.Release|Any CPU.Build.0 = Release|Any CPU
		{142A3C6C-4C89-4FD3-9522-CB5820FC2AB1}.Debug|Any CPU.ActiveCfg = Debug|Any CPU
		{142A3C6C-4C89-4FD3-9522-CB5820FC2AB1}.Debug|Any CPU.Build.0 = Debug|Any CPU
		{142A3C6C-4C89-4FD3-9522-CB5820FC2AB1}.Release|Any CPU.ActiveCfg = Release|Any CPU
		{142A3C6C-4C89-4FD3-9522-CB5820FC2AB1}.Release|Any CPU.Build.0 = Release|Any CPU
	EndGlobalSection
	GlobalSection(SolutionProperties) = preSolution
		HideSolutionNode = FALSE
	EndGlobalSection
	GlobalSection(ExtensibilityGlobals) = postSolution
		SolutionGuid = {283FF3A0-2525-4856-8190-5BFE595BBAF9}
	EndGlobalSection
EndGlobal
